
Microsoft Visual Studio Solution File, Format Version 12.00
# Visual Studio Version 17
VisualStudioVersion = 17.11.35222.181
MinimumVisualStudioVersion = 10.0.40219.1
Project("{FAE04EC0-301F-11D3-BF4B-00C04F79EFBC}") = "MyFirstApp", "MyFirstApp\MyFirstApp.csproj", "{2467842E-6E83-48BF-9A1D-4F45F8DAA45A}"
EndProject
Global
	GlobalSection(SolutionConfigurationPlatforms) = preSolution
		Debug|Any CPU = Debug|Any CPU
		Release|Any CPU = Release|Any CPU
	EndGlobalSection
	GlobalSection(ProjectConfigurationPlatforms) = postSolution
		{2467842E-6E83-48BF-9A1D-4F45F8DAA45A}.Debug|Any CPU.ActiveCfg = Debug|Any CPU
		{2467842E-6E83-48BF-9A1D-4F45F8DAA45A}.Debug|Any CPU.Build.0 = Debug|Any CPU
		{2467842E-6E83-48BF-9A1D-4F45F8DAA45A}.Release|Any CPU.ActiveCfg = Release|Any CPU
		{2467842E-6E83-48BF-9A1D-4F45F8DAA45A}.Release|Any CPU.Build.0 = Release|Any CPU
	EndGlobalSection
	GlobalSection(SolutionProperties) = preSolution
		HideSolutionNode = FALSE
	EndGlobalSection
	GlobalSection(ExtensibilityGlobals) = postSolution
		SolutionGuid = {03498F59-B361-42CD-9075-26998CF4F5B0}
	EndGlobalSection
EndGlobal
